
Microsoft Visual Studio Solution File, Format Version 12.00
# Visual Studio Version 17
VisualStudioVersion = 17.11.35303.130
MinimumVisualStudioVersion = 10.0.40219.1
Project("{FAE04EC0-301F-11D3-BF4B-00C04F79EFBC}") = "chatbot", "chatbot\chatbot.csproj", "{CC44050E-2CE1-4F47-9830-DE75F5EAC146}"
EndProject
Global
	GlobalSection(SolutionConfigurationPlatforms) = preSolution
		Debug|Any CPU = Debug|Any CPU
		Release|Any CPU = Release|Any CPU
	EndGlobalSection
	GlobalSection(ProjectConfigurationPlatforms) = postSolution
		{CC44050E-2CE1-4F47-9830-DE75F5EAC146}.Debug|Any CPU.ActiveCfg = Debug|Any CPU
		{CC44050E-2CE1-4F47-9830-DE75F5EAC146}.Debug|Any CPU.Build.0 = Debug|Any CPU
		{CC44050E-2CE1-4F47-9830-DE75F5EAC146}.Release|Any CPU.ActiveCfg = Release|Any CPU
		{CC44050E-2CE1-4F47-9830-DE75F5EAC146}.Release|Any CPU.Build.0 = Release|Any CPU
	EndGlobalSection
	GlobalSection(SolutionProperties) = preSolution
		HideSolutionNode = FALSE
	EndGlobalSection
	GlobalSection(ExtensibilityGlobals) = postSolution
		SolutionGuid = {7DAE9F7B-1D6D-4757-90FA-91E03080768B}
	EndGlobalSection
EndGlobal
